
Microsoft Visual Studio Solution File, Format Version 12.00
# Visual Studio Version 17
VisualStudioVersion = 17.7.34031.279
MinimumVisualStudioVersion = 10.0.40219.1
Project("{FAE04EC0-301F-11D3-BF4B-00C04F79EFBC}") = "PoshloPoehalo feat. Shalyhin aka gonshik nelegalnuy", "PoshloPoehalo feat. Shalyhin aka gonshik nelegalnuy\PoshloPoehalo feat. Shalyhin aka gonshik nelegalnuy.csproj", "{8F3CB140-0EC1-4A94-B1FA-D765A0C545EE}"
EndProject
Global
	GlobalSection(SolutionConfigurationPlatforms) = preSolution
		Debug|Any CPU = Debug|Any CPU
		Release|Any CPU = Release|Any CPU
	EndGlobalSection
	GlobalSection(ProjectConfigurationPlatforms) = postSolution
		{8F3CB140-0EC1-4A94-B1FA-D765A0C545EE}.Debug|Any CPU.ActiveCfg = Debug|Any CPU
		{8F3CB140-0EC1-4A94-B1FA-D765A0C545EE}.Debug|Any CPU.Build.0 = Debug|Any CPU
		{8F3CB140-0EC1-4A94-B1FA-D765A0C545EE}.Release|Any CPU.ActiveCfg = Release|Any CPU
		{8F3CB140-0EC1-4A94-B1FA-D765A0C545EE}.Release|Any CPU.Build.0 = Release|Any CPU
	EndGlobalSection
	GlobalSection(SolutionProperties) = preSolution
		HideSolutionNode = FALSE
	EndGlobalSection
	GlobalSection(ExtensibilityGlobals) = postSolution
		SolutionGuid = {2EB417E3-752D-4673-B808-45FE6EE98C97}
	EndGlobalSection
EndGlobal
